
Microsoft Visual Studio Solution File, Format Version 12.00
Project("{FAE04EC0-301F-11D3-BF4B-00C04F79EFBC}") = "ChatApplication", "ChatApplication\ChatApplication.csproj", "{10D874D8-8085-4889-946E-5FBFD6075AFC}"
EndProject
Global
	GlobalSection(SolutionConfigurationPlatforms) = preSolution
		Debug|Any CPU = Debug|Any CPU
		Release|Any CPU = Release|Any CPU
	EndGlobalSection
	GlobalSection(ProjectConfigurationPlatforms) = postSolution
		{10D874D8-8085-4889-946E-5FBFD6075AFC}.Debug|Any CPU.ActiveCfg = Debug|Any CPU
		{10D874D8-8085-4889-946E-5FBFD6075AFC}.Debug|Any CPU.Build.0 = Debug|Any CPU
		{10D874D8-8085-4889-946E-5FBFD6075AFC}.Release|Any CPU.ActiveCfg = Release|Any CPU
		{10D874D8-8085-4889-946E-5FBFD6075AFC}.Release|Any CPU.Build.0 = Release|Any CPU
	EndGlobalSection
EndGlobal
