
Microsoft Visual Studio Solution File, Format Version 12.00
Project("{FAE04EC0-301F-11D3-BF4B-00C04F79EFBC}") = "ChatApplication.Web", "ChatApplication.Web\ChatApplication.Web.csproj", "{10D874D8-8085-4889-946E-5FBFD6075AFC}"
EndProject
Project("{FAE04EC0-301F-11D3-BF4B-00C04F79EFBC}") = "ChatApplication.Web.Tests", "ChatApplication.Web.Tests\ChatApplication.Web.Tests.csproj", "{EC7AF3BE-BB7F-4BBA-B754-3C06C2061F62}"
EndProject
Global
	GlobalSection(SolutionConfigurationPlatforms) = preSolution
		Debug|Any CPU = Debug|Any CPU
		Release|Any CPU = Release|Any CPU
	EndGlobalSection
	GlobalSection(ProjectConfigurationPlatforms) = postSolution
		{10D874D8-8085-4889-946E-5FBFD6075AFC}.Debug|Any CPU.ActiveCfg = Debug|Any CPU
		{10D874D8-8085-4889-946E-5FBFD6075AFC}.Debug|Any CPU.Build.0 = Debug|Any CPU
		{10D874D8-8085-4889-946E-5FBFD6075AFC}.Release|Any CPU.ActiveCfg = Release|Any CPU
		{10D874D8-8085-4889-946E-5FBFD6075AFC}.Release|Any CPU.Build.0 = Release|Any CPU
		{EC7AF3BE-BB7F-4BBA-B754-3C06C2061F62}.Debug|Any CPU.ActiveCfg = Debug|Any CPU
		{EC7AF3BE-BB7F-4BBA-B754-3C06C2061F62}.Debug|Any CPU.Build.0 = Debug|Any CPU
		{EC7AF3BE-BB7F-4BBA-B754-3C06C2061F62}.Release|Any CPU.ActiveCfg = Release|Any CPU
		{EC7AF3BE-BB7F-4BBA-B754-3C06C2061F62}.Release|Any CPU.Build.0 = Release|Any CPU
	EndGlobalSection
EndGlobal
